
Microsoft Visual Studio Solution File, Format Version 12.00
# Visual Studio Version 17
VisualStudioVersion = 17.0.31912.275
MinimumVisualStudioVersion = 10.0.40219.1
Project("{9A19103F-16F7-4668-BE54-9A1E7A4F7556}") = "RunUI.Api", "RunUI.Api\RunUI.Api.csproj", "{8A7C1254-9FD9-4E48-9948-287D64983D0E}"
EndProject
Project("{9A19103F-16F7-4668-BE54-9A1E7A4F7556}") = "RunUI.Core", "RunUI.Core\RunUI.Core.csproj", "{34BCE154-7C3C-405D-85B8-56D58F768D00}"
EndProject
Project("{2150E333-8FDC-42A3-9474-1A3956D46DE8}") = "Solution Items", "Solution Items", "{43454F10-62E0-4C3A-B0E4-AC8AD44CE8E8}"
	ProjectSection(SolutionItems) = preProject
		.editorconfig = .editorconfig
	EndProjectSection
EndProject
Project("{FAE04EC0-301F-11D3-BF4B-00C04F79EFBC}") = "RunUI.AspNetCore", "RunUI.AspNetCore\RunUI.AspNetCore.csproj", "{B0E11A44-223C-4D15-AD3C-BEC43090BC27}"
EndProject
Global
	GlobalSection(SolutionConfigurationPlatforms) = preSolution
		Debug|Any CPU = Debug|Any CPU
		Release|Any CPU = Release|Any CPU
	EndGlobalSection
	GlobalSection(ProjectConfigurationPlatforms) = postSolution
		{8A7C1254-9FD9-4E48-9948-287D64983D0E}.Debug|Any CPU.ActiveCfg = Debug|Any CPU
		{8A7C1254-9FD9-4E48-9948-287D64983D0E}.Debug|Any CPU.Build.0 = Debug|Any CPU
		{8A7C1254-9FD9-4E48-9948-287D64983D0E}.Release|Any CPU.ActiveCfg = Release|Any CPU
		{8A7C1254-9FD9-4E48-9948-287D64983D0E}.Release|Any CPU.Build.0 = Release|Any CPU
		{34BCE154-7C3C-405D-85B8-56D58F768D00}.Debug|Any CPU.ActiveCfg = Debug|Any CPU
		{34BCE154-7C3C-405D-85B8-56D58F768D00}.Debug|Any CPU.Build.0 = Debug|Any CPU
		{34BCE154-7C3C-405D-85B8-56D58F768D00}.Release|Any CPU.ActiveCfg = Release|Any CPU
		{34BCE154-7C3C-405D-85B8-56D58F768D00}.Release|Any CPU.Build.0 = Release|Any CPU
		{B0E11A44-223C-4D15-AD3C-BEC43090BC27}.Debug|Any CPU.ActiveCfg = Debug|Any CPU
		{B0E11A44-223C-4D15-AD3C-BEC43090BC27}.Debug|Any CPU.Build.0 = Debug|Any CPU
		{B0E11A44-223C-4D15-AD3C-BEC43090BC27}.Release|Any CPU.ActiveCfg = Release|Any CPU
		{B0E11A44-223C-4D15-AD3C-BEC43090BC27}.Release|Any CPU.Build.0 = Release|Any CPU
	EndGlobalSection
	GlobalSection(SolutionProperties) = preSolution
		HideSolutionNode = FALSE
	EndGlobalSection
	GlobalSection(ExtensibilityGlobals) = postSolution
		SolutionGuid = {72E4C47F-BCDF-4D28-91B0-E28AF53A7548}
	EndGlobalSection
EndGlobal
